
Microsoft Visual Studio Solution File, Format Version 12.00
# Visual Studio Version 16
VisualStudioVersion = 16.0.29613.14
MinimumVisualStudioVersion = 10.0.40219.1
Project("{8BC9CEB8-8B4A-11D0-8D11-00A0C91BC942}") = "Memorph", "Memorph\Memorph.vcxproj", "{1993EEC0-F209-4E3D-9BB9-F4B8AB259509}"
EndProject
Project("{8BC9CEB8-8B4A-11D0-8D11-00A0C91BC942}") = "MemorphDLL", "MemorphDLL\MemorphDLL.vcxproj", "{61EF4430-B9FF-4F39-B729-3E33C8DF6A0D}"
EndProject
Global
	GlobalSection(SolutionConfigurationPlatforms) = preSolution
		Debug|x64 = Debug|x64
		Debug|x86 = Debug|x86
		Release|x64 = Release|x64
		Release|x86 = Release|x86
	EndGlobalSection
	GlobalSection(ProjectConfigurationPlatforms) = postSolution
		{1993EEC0-F209-4E3D-9BB9-F4B8AB259509}.Debug|x64.ActiveCfg = Debug|x64
		{1993EEC0-F209-4E3D-9BB9-F4B8AB259509}.Debug|x64.Build.0 = Debug|x64
		{1993EEC0-F209-4E3D-9BB9-F4B8AB259509}.Debug|x86.ActiveCfg = Debug|Win32
		{1993EEC0-F209-4E3D-9BB9-F4B8AB259509}.Debug|x86.Build.0 = Debug|Win32
		{1993EEC0-F209-4E3D-9BB9-F4B8AB259509}.Release|x64.ActiveCfg = Release|x64
		{1993EEC0-F209-4E3D-9BB9-F4B8AB259509}.Release|x64.Build.0 = Release|x64
		{1993EEC0-F209-4E3D-9BB9-F4B8AB259509}.Release|x86.ActiveCfg = Release|Win32
		{1993EEC0-F209-4E3D-9BB9-F4B8AB259509}.Release|x86.Build.0 = Release|Win32
		{61EF4430-B9FF-4F39-B729-3E33C8DF6A0D}.Debug|x64.ActiveCfg = Debug|x64
		{61EF4430-B9FF-4F39-B729-3E33C8DF6A0D}.Debug|x64.Build.0 = Debug|x64
		{61EF4430-B9FF-4F39-B729-3E33C8DF6A0D}.Debug|x86.ActiveCfg = Debug|Win32
		{61EF4430-B9FF-4F39-B729-3E33C8DF6A0D}.Debug|x86.Build.0 = Debug|Win32
		{61EF4430-B9FF-4F39-B729-3E33C8DF6A0D}.Release|x64.ActiveCfg = Release|x64
		{61EF4430-B9FF-4F39-B729-3E33C8DF6A0D}.Release|x64.Build.0 = Release|x64
		{61EF4430-B9FF-4F39-B729-3E33C8DF6A0D}.Release|x86.ActiveCfg = Release|Win32
		{61EF4430-B9FF-4F39-B729-3E33C8DF6A0D}.Release|x86.Build.0 = Release|Win32
	EndGlobalSection
	GlobalSection(SolutionProperties) = preSolution
		HideSolutionNode = FALSE
	EndGlobalSection
	GlobalSection(ExtensibilityGlobals) = postSolution
		SolutionGuid = {45B95284-A96E-4D96-9741-7B227FF34A2B}
	EndGlobalSection
EndGlobal
